
Microsoft Visual Studio Solution File, Format Version 12.00
# Visual Studio Version 17
VisualStudioVersion = 17.12.35527.113
MinimumVisualStudioVersion = 10.0.40219.1
Project("{FAE04EC0-301F-11D3-BF4B-00C04F79EFBC}") = "Connected.Documents.Model", "src\Connected.Documents.Model\Connected.Documents.Model.csproj", "{20910CDE-3004-4551-9836-2747E6EB607B}"
EndProject
Project("{FAE04EC0-301F-11D3-BF4B-00C04F79EFBC}") = "Connected.Documents.Extensions", "src\Connected.Documents.Extensions\Connected.Documents.Extensions.csproj", "{D2F9D0DC-5D06-4B82-B1B2-C6B63382F2FE}"
EndProject
Global
	GlobalSection(SolutionConfigurationPlatforms) = preSolution
		Debug|Any CPU = Debug|Any CPU
		Release|Any CPU = Release|Any CPU
	EndGlobalSection
	GlobalSection(ProjectConfigurationPlatforms) = postSolution
		{20910CDE-3004-4551-9836-2747E6EB607B}.Debug|Any CPU.ActiveCfg = Debug|Any CPU
		{20910CDE-3004-4551-9836-2747E6EB607B}.Debug|Any CPU.Build.0 = Debug|Any CPU
		{20910CDE-3004-4551-9836-2747E6EB607B}.Release|Any CPU.ActiveCfg = Release|Any CPU
		{20910CDE-3004-4551-9836-2747E6EB607B}.Release|Any CPU.Build.0 = Release|Any CPU
		{D2F9D0DC-5D06-4B82-B1B2-C6B63382F2FE}.Debug|Any CPU.ActiveCfg = Debug|Any CPU
		{D2F9D0DC-5D06-4B82-B1B2-C6B63382F2FE}.Debug|Any CPU.Build.0 = Debug|Any CPU
		{D2F9D0DC-5D06-4B82-B1B2-C6B63382F2FE}.Release|Any CPU.ActiveCfg = Release|Any CPU
		{D2F9D0DC-5D06-4B82-B1B2-C6B63382F2FE}.Release|Any CPU.Build.0 = Release|Any CPU
	EndGlobalSection
	GlobalSection(SolutionProperties) = preSolution
		HideSolutionNode = FALSE
	EndGlobalSection
EndGlobal
